GEM
  remote: https://rubygems.org/
  specs:
    mini_portile2 (2.8.9)
    sqlite3 (2.9.6)
      mini_portile2 (~> 2.8.0)
    sqlite3 (2.9.6-aarch64-linux-gnu)
    sqlite3 (2.9.6-x86_64-linux-gnu)

PLATFORMS
  aarch64-linux
  ruby
  x86_64-linux

DEPENDENCIES
  sqlite3 (~> 2.0)

CHECKSUMS
  bundler (4.0.21) sha256=7cbf5499b426076aa16c8d28a59e4c2c3aad5a438402abcd961f0119f29f1dd0
  mini_portile2 (2.8.9) sha256=0cd7c7f824e010c072e33f68bc02d85a00aeb6fce05bb4819c03dfd3c140c289
  sqlite3 (2.9.6) sha256=956fe606956420d04ac7157d3ace620c8caba2135b2e05c76e483493da24d08e
  sqlite3 (2.9.6-aarch64-linux-gnu) sha256=d8b1f7d23efd7abac285775a9566562fc7debfef79d594e3a20354406fb7907c
  sqlite3 (2.9.6-x86_64-linux-gnu) sha256=613188ce02f614126ddbc38c5e217ccffd6306d0dcd9adca9764547aa890a634

BUNDLED WITH
  4.0.21
